
Microsoft Visual Studio Solution File, Format Version 12.00
# Visual Studio Version 17
VisualStudioVersion = 17.4.33006.217
MinimumVisualStudioVersion = 10.0.40219.1
Project("{FAE04EC0-301F-11D3-BF4B-00C04F79EFBC}") = "IroncladSaveEditor", "IroncladSaveEditor\IroncladSaveEditor.csproj", "{650C9126-1B0F-47A3-9F16-235E37C73C4F}"
EndProject
Global
	GlobalSection(SolutionConfigurationPlatforms) = preSolution
		Debug|Any CPU = Debug|Any CPU
		Release|Any CPU = Release|Any CPU
	EndGlobalSection
	GlobalSection(ProjectConfigurationPlatforms) = postSolution
		{650C9126-1B0F-47A3-9F16-235E37C73C4F}.Debug|Any CPU.ActiveCfg = Debug|Any CPU
		{650C9126-1B0F-47A3-9F16-235E37C73C4F}.Debug|Any CPU.Build.0 = Debug|Any CPU
		{650C9126-1B0F-47A3-9F16-235E37C73C4F}.Release|Any CPU.ActiveCfg = Release|Any CPU
		{650C9126-1B0F-47A3-9F16-235E37C73C4F}.Release|Any CPU.Build.0 = Release|Any CPU
	EndGlobalSection
	GlobalSection(SolutionProperties) = preSolution
		HideSolutionNode = FALSE
	EndGlobalSection
	GlobalSection(ExtensibilityGlobals) = postSolution
		SolutionGuid = {F91E7E52-AEFC-4E2D-8160-9B49D7A1E9DA}
	EndGlobalSection
EndGlobal
